
Microsoft Visual Studio Solution File, Format Version 12.00
# Visual Studio Version 17
VisualStudioVersion = 17.11.35111.106
MinimumVisualStudioVersion = 10.0.40219.1
Project("{FAE04EC0-301F-11D3-BF4B-00C04F79EFBC}") = "ErrorBoundaryWithPerPageInteracvtity", "ErrorBoundaryWithPerPageInteracvtity\ErrorBoundaryWithPerPageInteracvtity.csproj", "{F0AD1D89-1F69-4C0D-BD79-8A4E3420AF1C}"
EndProject
Global
	GlobalSection(SolutionConfigurationPlatforms) = preSolution
		Debug|Any CPU = Debug|Any CPU
		Release|Any CPU = Release|Any CPU
	EndGlobalSection
	GlobalSection(ProjectConfigurationPlatforms) = postSolution
		{F0AD1D89-1F69-4C0D-BD79-8A4E3420AF1C}.Debug|Any CPU.ActiveCfg = Debug|Any CPU
		{F0AD1D89-1F69-4C0D-BD79-8A4E3420AF1C}.Debug|Any CPU.Build.0 = Debug|Any CPU
		{F0AD1D89-1F69-4C0D-BD79-8A4E3420AF1C}.Release|Any CPU.ActiveCfg = Release|Any CPU
		{F0AD1D89-1F69-4C0D-BD79-8A4E3420AF1C}.Release|Any CPU.Build.0 = Release|Any CPU
	EndGlobalSection
	GlobalSection(SolutionProperties) = preSolution
		HideSolutionNode = FALSE
	EndGlobalSection
	GlobalSection(ExtensibilityGlobals) = postSolution
		SolutionGuid = {F953E67D-FD09-40AB-97C8-790DE34CF10B}
	EndGlobalSection
EndGlobal
